{
  "originHash" : "9dbe213d2de22e3679ab1284b61b058fcd88f23dfd071bb56e955ba96d15848d",
  "pins" : [
    {
      "identity" : "marquee",
      "kind" : "remoteSourceControl",
      "location" : "https://github.com/SwiftUIKit/Marquee.git",
      "state" : {
        "revision" : "69d7b7c6c34ed41d9299cfa8406f91f529c4fef3",
        "version" : "0.3.0"
      }
    },
    {
      "identity" : "marqueetext",
      "kind" : "remoteSourceControl",
      "location" : "https://github.com/joekndy/MarqueeText.git",
      "state" : {
        "branch" : "master",
        "revision" : "e18d514455563ad00581e0d825146c6f15b1c6c4"
      }
    },
    {
      "identity" : "tabbar",
      "kind" : "remoteSourceControl",
      "location" : "https://github.com/onl1ner/TabBar.git",
      "state" : {
        "revision" : "995e6bc32829d0a0f5300d6f49b654412068dbbe",
        "version" : "1.3.0"
      }
    }
  ],
  "version" : 3
}
